dependencies:
- name: redis
  repository: https://charts.bitnami.com/bitnami
  version: 17.11.3
- name: temporal
  repository: file://./charts/temporal
  version: 0.68.1
- name: replicated
  repository: oci://registry.replicated.com/library
  version: 1.17.1
digest: sha256:50f0166f34f92dd464b195fd6b6637ea78804c3d4ae1bba78136fe82b283f5a7
generated: "2026-03-13T10:51:38.036971+05:30"
