dependencies:
- name: redis
  repository: https://charts.bitnami.com/bitnami
  version: 17.11.3
- name: temporal
  repository: file://./charts/temporal
  version: 0.68.1
- name: replicated
  repository: oci://registry.replicated.com/library
  version: 1.19.6
digest: sha256:b4792cbd364adae5557bc1ad2a094a7b5143b87ff1519953997cdca014c28189
generated: "2026-07-06T22:09:07.96633+05:30"
