dependencies:
- name: temporal
  repository: file://./charts/temporal
  version: 0.68.1
- name: replicated
  repository: oci://registry.replicated.com/library
  version: 1.19.7
digest: sha256:967d8c5528d11d9d2a87f9d6f51eb04e634fa0b530e73e3f2e2ccd453745176f
generated: "2026-07-23T15:43:55.429065+05:30"
